
Microsoft Visual Studio Solution File, Format Version 12.00
# Visual Studio Version 16
VisualStudioVersion = 16.0.30011.22
MinimumVisualStudioVersion = 10.0.40219.1
Project("{8BC9CEB8-8B4A-11D0-8D11-00A0C91BC942}") = "DLL_Injector 2", "DLL_Injector 2.vcxproj", "{2C353544-2DD7-4ABA-9788-88216D391060}"
EndProject
Global
	GlobalSection(SolutionConfigurationPlatforms) = preSolution
		Debug|x64 = Debug|x64
		Debug|x86 = Debug|x86
		Release|x64 = Release|x64
		Release|x86 = Release|x86
	EndGlobalSection
	GlobalSection(ProjectConfigurationPlatforms) = postSolution
		{2C353544-2DD7-4ABA-9788-88216D391060}.Debug|x64.ActiveCfg = Debug|x64
		{2C353544-2DD7-4ABA-9788-88216D391060}.Debug|x64.Build.0 = Debug|x64
		{2C353544-2DD7-4ABA-9788-88216D391060}.Debug|x86.ActiveCfg = Debug|Win32
		{2C353544-2DD7-4ABA-9788-88216D391060}.Debug|x86.Build.0 = Debug|Win32
		{2C353544-2DD7-4ABA-9788-88216D391060}.Release|x64.ActiveCfg = Release|x64
		{2C353544-2DD7-4ABA-9788-88216D391060}.Release|x64.Build.0 = Release|x64
		{2C353544-2DD7-4ABA-9788-88216D391060}.Release|x86.ActiveCfg = Release|Win32
		{2C353544-2DD7-4ABA-9788-88216D391060}.Release|x86.Build.0 = Release|Win32
	EndGlobalSection
	GlobalSection(SolutionProperties) = preSolution
		HideSolutionNode = FALSE
	EndGlobalSection
	GlobalSection(ExtensibilityGlobals) = postSolution
		SolutionGuid = {1AC38ACA-2172-4DA7-AF27-7344A9B2E3C4}
	EndGlobalSection
EndGlobal
